<?xml version="1.0" encoding="utf-8"?>
<Project ToolsVersion="4.0" xmlns="http://schemas.microsoft.com/developer/msbuild/2003">
  <ItemGroup>
    <Filter Include="Scenes">
      <UniqueIdentifier>{dbeddb2d-618d-4de1-b393-25a3f8c16b24}</UniqueIdentifier>
    </Filter>
    <Filter Include="Player">
      <UniqueIdentifier>{7ce49a55-fda2-4f45-830e-9a37bc7afe80}</UniqueIdentifier>
    </Filter>
    <Filter Include="Camera">
      <UniqueIdentifier>{70b1fba0-128f-4935-9673-ccb7e4e1f7bf}</UniqueIdentifier>
    </Filter>
  </ItemGroup>
  <ItemGroup>
    <ClInclude Include="resource.h" />
    <ClInclude Include="Player\PlayerController.h">
      <Filter>Player</Filter>
    </ClInclude>
    <ClInclude Include="Player\SPlayer.h">
      <Filter>Player</Filter>
    </ClInclude>
    <ClInclude Include="Player\PlayerAnimation.h">
      <Filter>Player</Filter>
    </ClInclude>
    <ClInclude Include="Player\Bullet\SBullet.h">
      <Filter>Player</Filter>
    </ClInclude>
    <ClInclude Include="Scenes\SPlayScene.h">
      <Filter>Scenes</Filter>
    </ClInclude>
    <ClInclude Include="Scenes\STitleScene.h">
      <Filter>Scenes</Filter>
    </ClInclude>
    <ClInclude Include="Scenes\SLoadResources.h">
      <Filter>Scenes</Filter>
    </ClInclude>
    <ClInclude Include="Scenes\SLoadScenes.h">
      <Filter>Scenes</Filter>
    </ClInclude>
    <ClInclude Include="Player\YinYang.h">
      <Filter>Player</Filter>
    </ClInclude>
    <ClInclude Include="SichunEngineHeader.h" />
    <ClInclude Include="Scenes\SToolScene.h">
      <Filter>Scenes</Filter>
    </ClInclude>
    <ClInclude Include="Camera\CameraController.h">
      <Filter>Camera</Filter>
    </ClInclude>
  </ItemGroup>
  <ItemGroup>
    <ResourceCompile Include="SichunEngine.rc" />
  </ItemGroup>
  <ItemGroup>
    <ClCompile Include="Player\SPlayer.cpp">
      <Filter>Player</Filter>
    </ClCompile>
    <ClCompile Include="Player\PlayerAnimation.cpp">
      <Filter>Player</Filter>
    </ClCompile>
    <ClCompile Include="Player\PlayerController.cpp">
      <Filter>Player</Filter>
    </ClCompile>
    <ClCompile Include="Player\Bullet\SBullet.cpp">
      <Filter>Player</Filter>
    </ClCompile>
    <ClCompile Include="Scenes\SPlayScene.cpp">
      <Filter>Scenes</Filter>
    </ClCompile>
    <ClCompile Include="Scenes\STitleScene.cpp">
      <Filter>Scenes</Filter>
    </ClCompile>
    <ClCompile Include="Scenes\SLoadScenes.cpp">
      <Filter>Scenes</Filter>
    </ClCompile>
    <ClCompile Include="Player\YinYang.cpp">
      <Filter>Player</Filter>
    </ClCompile>
    <ClCompile Include="Scenes\SToolScene.cpp">
      <Filter>Scenes</Filter>
    </ClCompile>
    <ClCompile Include="Camera\CameraController.cpp">
      <Filter>Camera</Filter>
    </ClCompile>
  </ItemGroup>
</Project>